// !$*UTF8*$!
{
	archiveVersion = 1;
	classes = {
	};
	objectVersion = 50;
	objects = {

/* Begin PBXBuildFile section */
		603008D920F165A100C5D85D /* AppDelegate.swift in Sources */ = {isa = PBXBuildFile; fileRef = 603008D820F165A100C5D85D /* AppDelegate.swift */; };
		603008DB20F165A100C5D85D /* ViewController.swift in Sources */ = {isa = PBXBuildFile; fileRef = 603008DA20F165A100C5D85D /* ViewController.swift */; };
		603008DE20F165A100C5D85D /* Main.storyboard in Resources */ = {isa = PBXBuildFile; fileRef = 603008DC20F165A100C5D85D /* Main.storyboard */; };
		603008E020F165A200C5D85D /* Assets.xcassets in Resources */ = {isa = PBXBuildFile; fileRef = 603008DF20F165A200C5D85D /* Assets.xcassets */; };
		603008E320F165A200C5D85D /* LaunchScreen.storyboard in Resources */ = {isa = PBXBuildFile; fileRef = 603008E120F165A200C5D85D /* LaunchScreen.storyboard */; };
		603008EC20F17BCB00C5D85D /* Concentration.swift in Sources */ = {isa = PBXBuildFile; fileRef = 603008EB20F17BCB00C5D85D /* Concentration.swift */; };
		603008F020F17E3200C5D85D /* Card.swift in Sources */ = {isa = PBXBuildFile; fileRef = 603008EF20F17E3200C5D85D /* Card.swift */; };
/* End PBXBuildFile section */

/* Begin PBXFileReference section */
		603008D520F165A100C5D85D /* Concentration.app */ = {isa = PBXFileReference; explicitFileType = wrapper.application; includeInIndex = 0; path = Concentration.app; sourceTree = BUILT_PRODUCTS_DIR; };
		603008D820F165A100C5D85D /* AppDelegate.swift */ = {isa = PBXFileReference; lastKnownFileType = sourcecode.swift; path = AppDelegate.swift; sourceTree = "<group>"; };
		603008DA20F165A100C5D85D /* ViewController.swift */ = {isa = PBXFileReference; lastKnownFileType = sourcecode.swift; path = ViewController.swift; sourceTree = "<group>"; };
		603008DD20F165A100C5D85D /* Base */ = {isa = PBXFileReference; lastKnownFileType = file.storyboard; name = Base; path = Base.lproj/Main.storyboard; sourceTree = "<group>"; };
		603008DF20F165A200C5D85D /* Assets.xcassets */ = {isa = PBXFileReference; lastKnownFileType = folder.assetcatalog; path = Assets.xcassets; sourceTree = "<group>"; };
		603008E220F165A200C5D85D /* Base */ = {isa = PBXFileReference; lastKnownFileType = file.storyboard; name = Base; path = Base.lproj/LaunchScreen.storyboard; sourceTree = "<group>"; };
		603008E420F165A200C5D85D /* Info.plist */ = {isa = PBXFileReference; lastKnownFileType = text.plist.xml; path = Info.plist; sourceTree = "<group>"; };
		603008EB20F17BCB00C5D85D /* Concentration.swift */ = {isa = PBXFileReference; lastKnownFileType = sourcecode.swift; path = Concentration.swift; sourceTree = "<group>"; };
		603008EF20F17E3200C5D85D /* Card.swift */ = {isa = PBXFileReference; lastKnownFileType = sourcecode.swift; path = Card.swift; sourceTree = "<group>"; };
/* End PBXFileReference section */

/* Begin PBXFrameworksBuildPhase section */
		603008D220F165A100C5D85D /* Frameworks */ = {
			isa = PBXFrameworksBuildPhase;
			buildActionMask = 2147483647;
			files = (
			);
			runOnlyForDeploymentPostprocessing = 0;
		};
/* End PBXFrameworksBuildPhase section */

/* Begin PBXGroup section */
		603008CC20F165A100C5D85D = {
			isa = PBXGroup;
			children = (
				603008D720F165A100C5D85D /* Concentration */,
				603008D620F165A100C5D85D /* Products */,
			);
			sourceTree = "<group>";
		};
		603008D620F165A100C5D85D /* Products */ = {
			isa = PBXGroup;
			children = (
				603008D520F165A100C5D85D /* Concentration.app */,
			);
			name = Products;
			sourceTree = "<group>";
		};
		603008D720F165A100C5D85D /* Concentration */ = {
			isa = PBXGroup;
			children = (
				603008DA20F165A100C5D85D /* ViewController.swift */,
				603008DC20F165A100C5D85D /* Main.storyboard */,
				603008EB20F17BCB00C5D85D /* Concentration.swift */,
				603008EF20F17E3200C5D85D /* Card.swift */,
				603008EA20F1690100C5D85D /* Supporting Files */,
				603008E420F165A200C5D85D /* Info.plist */,
			);
			path = Concentration;
			sourceTree = "<group>";
		};
		603008EA20F1690100C5D85D /* Supporting Files */ = {
			isa = PBXGroup;
			children = (
				603008D820F165A100C5D85D /* AppDelegate.swift */,
				603008DF20F165A200C5D85D /* Assets.xcassets */,
				603008E120F165A200C5D85D /* LaunchScreen.storyboard */,
			);
			path = "Supporting Files";
			sourceTree = "<group>";
		};
/* End PBXGroup section */

/* Begin PBXNativeTarget section */
		603008D420F165A100C5D85D /* Concentration */ = {
			isa = PBXNativeTarget;
			buildConfigurationList = 603008E720F165A200C5D85D /* Build configuration list for PBXNativeTarget "Concentration" */;
			buildPhases = (
				603008D120F165A100C5D85D /* Sources */,
				603008D220F165A100C5D85D /* Frameworks */,
				603008D320F165A100C5D85D /* Resources */,
			);
			buildRules = (
			);
			dependencies = (
			);
			name = Concentration;
			productName = Concentration;
			productReference = 603008D520F165A100C5D85D /* Concentration.app */;
			productType = "com.apple.product-type.application";
		};
/* End PBXNativeTarget section */

/* Begin PBXProject section */
		603008CD20F165A100C5D85D /* Project object */ = {
			isa = PBXProject;
			attributes = {
				LastSwiftUpdateCheck = 0940;
				LastUpgradeCheck = 0940;
				ORGANIZATIONNAME = yuli;
				TargetAttributes = {
					603008D420F165A100C5D85D = {
						CreatedOnToolsVersion = 9.4.1;
					};
				};
			};
			buildConfigurationList = 603008D020F165A100C5D85D /* Build configuration list for PBXProject "Concentration" */;
			compatibilityVersion = "Xcode 9.3";
			developmentRegion = en;
			hasScannedForEncodings = 0;
			knownRegions = (
				en,
				Base,
			);
			mainGroup = 603008CC20F165A100C5D85D;
			productRefGroup = 603008D620F165A100C5D85D /* Products */;
			projectDirPath = "";
			projectRoot = "";
			targets = (
				603008D420F165A100C5D85D /* Concentration */,
			);
		};
/* End PBXProject section */

/* Begin PBXResourcesBuildPhase section */
		603008D320F165A100C5D85D /* Resources */ = {
			isa = PBXResourcesBuildPhase;
			buildActionMask = 2147483647;
			files = (
				603008E320F165A200C5D85D /* LaunchScreen.storyboard in Resources */,
				603008E020F165A200C5D85D /* Assets.xcassets in Resources */,
				603008DE20F165A100C5D85D /* Main.storyboard in Resources */,
			);
			runOnlyForDeploymentPostprocessing = 0;
		};
/* End PBXResourcesBuildPhase section */

/* Begin PBXSourcesBuildPhase section */
		603008D120F165A100C5D85D /* Sources */ = {
			isa = PBXSourcesBuildPhase;
			buildActionMask = 2147483647;
			files = (
				603008DB20F165A100C5D85D /* ViewController.swift in Sources */,
				603008D920F165A100C5D85D /* AppDelegate.swift in Sources */,
				603008EC20F17BCB00C5D85D /* Concentration.swift in Sources */,
				603008F020F17E3200C5D85D /* Card.swift in Sources */,
			);
			runOnlyForDeploymentPostprocessing = 0;
		};
/* End PBXSourcesBuildPhase section */

/* Begin PBXVariantGroup section */
		603008DC20F165A100C5D85D /* Main.storyboard */ = {
			isa = PBXVariantGroup;
			children = (
				603008DD20F165A100C5D85D /* Base */,
			);
			name = Main.storyboard;
			sourceTree = "<group>";
		};
		603008E120F165A200C5D85D /* LaunchScreen.storyboard */ = {
			isa = PBXVariantGroup;
			children = (
				603008E220F165A200C5D85D /* Base */,
			);
			name = LaunchScreen.storyboard;
			sourceTree = "<group>";
		};
/* End PBXVariantGroup section */

/* Begin XCBuildConfiguration section */
		603008E520F165A200C5D85D /* Debug */ = {
			isa = XCBuildConfiguration;
			buildSettings = {
				ALWAYS_SEARCH_USER_PATHS = NO;
				CLANG_ANALYZER_NONNULL = YES;
				CLANG_ANALYZER_NUMBER_OBJECT_CONVERSION = YES_AGGRESSIVE;
				CLANG_CXX_LANGUAGE_STANDARD = "gnu++14";
				CLANG_CXX_LIBRARY = "libc++";
				CLANG_ENABLE_MODULES = YES;
				CLANG_ENABLE_OBJC_ARC = YES;
				CLANG_ENABLE_OBJC_WEAK = YES;
				CLANG_WARN_BLOCK_CAPTURE_AUTORELEASING = YES;
				CLANG_WARN_BOOL_CONVERSION = YES;
				CLANG_WARN_COMMA = YES;
				CLANG_WARN_CONSTANT_CONVERSION = YES;
				CLANG_WARN_DEPRECATED_OBJC_IMPLEMENTATIONS = YES;
				CLANG_WARN_DIRECT_OBJC_ISA_USAGE = YES_ERROR;
				CLANG_WARN_DOCUMENTATION_COMMENTS = YES;
				CLANG_WARN_EMPTY_BODY = YES;
				CLANG_WARN_ENUM_CONVERSION = YES;
				CLANG_WARN_INFINITE_RECURSION = YES;
				CLANG_WARN_INT_CONVERSION = YES;
				CLANG_WARN_NON_LITERAL_NULL_CONVERSION = YES;
				CLANG_WARN_OBJC_IMPLICIT_RETAIN_SELF = YES;
				CLANG_WARN_OBJC_LITERAL_CONVERSION = YES;
				CLANG_WARN_OBJC_ROOT_CLASS = YES_ERROR;
				CLANG_WARN_RANGE_LOOP_ANALYSIS = YES;
				CLANG_WARN_STRICT_PROTOTYPES = YES;
				CLANG_WARN_SUSPICIOUS_MOVE = YES;
				CLANG_WARN_UNGUARDED_AVAILABILITY = YES_AGGRESSIVE;
				CLANG_WARN_UNREACHABLE_CODE = YES;
				CLANG_WARN__DUPLICATE_METHOD_MATCH = YES;
				CODE_SIGN_IDENTITY = "iPhone Developer";
				COPY_PHASE_STRIP = NO;
				DEBUG_INFORMATION_FORMAT = dwarf;
				ENABLE_STRICT_OBJC_MSGSEND = YES;
				ENABLE_TESTABILITY = YES;
				GCC_C_LANGUAGE_STANDARD = gnu11;
				GCC_DYNAMIC_NO_PIC = NO;
				GCC_NO_COMMON_BLOCKS = YES;
				GCC_OPTIMIZATION_LEVEL = 0;
				GCC_PREPROCESSOR_DEFINITIONS = (
					"DEBUG=1",
					"$(inherited)",
				);
				GCC_WARN_64_TO_32_BIT_CONVERSION = YES;
				GCC_WARN_ABOUT_RETURN_TYPE = YES_ERROR;
				GCC_WARN_UNDECLARED_SELECTOR = YES;
				GCC_WARN_UNINITIALIZED_AUTOS = YES_AGGRESSIVE;
				GCC_WARN_UNUSED_FUNCTION = YES;
				GCC_WARN_UNUSED_VARIABLE = YES;
				IPHONEOS_DEPLOYMENT_TARGET = 11.4;
				MTL_ENABLE_DEBUG_INFO = YES;
				ONLY_ACTIVE_ARCH = YES;
				SDKROOT = iphoneos;
				SWIFT_ACTIVE_COMPILATION_CONDITIONS = DEBUG;
				SWIFT_OPTIMIZATION_LEVEL = "-Onone";
			};
			name = Debug;
		};
		603008E620F165A200C5D85D /* Release */ = {
			isa = XCBuildConfiguration;
			buildSettings = {
				ALWAYS_SEARCH_USER_PATHS = NO;
				CLANG_ANALYZER_NONNULL = YES;
				CLANG_ANALYZER_NUMBER_OBJECT_CONVERSION = YES_AGGRESSIVE;
				CLANG_CXX_LANGUAGE_STANDARD = "gnu++14";
				CLANG_CXX_LIBRARY = "libc++";
				CLANG_ENABLE_MODULES = YES;
				CLANG_ENABLE_OBJC_ARC = YES;
				CLANG_ENABLE_OBJC_WEAK = YES;
				CLANG_WARN_BLOCK_CAPTURE_AUTORELEASING = YES;
				CLANG_WARN_BOOL_CONVERSION = YES;
				CLANG_WARN_COMMA = YES;
				CLANG_WARN_CONSTANT_CONVERSION = YES;
				CLANG_WARN_DEPRECATED_OBJC_IMPLEMENTATIONS = YES;
				CLANG_WARN_DIRECT_OBJC_ISA_USAGE = YES_ERROR;
				CLANG_WARN_DOCUMENTATION_COMMENTS = YES;
				CLANG_WARN_EMPTY_BODY = YES;
				CLANG_WARN_ENUM_CONVERSION = YES;
				CLANG_WARN_INFINITE_RECURSION = YES;
				CLANG_WARN_INT_CONVERSION = YES;
				CLANG_WARN_NON_LITERAL_NULL_CONVERSION = YES;
				CLANG_WARN_OBJC_IMPLICIT_RETAIN_SELF = YES;
				CLANG_WARN_OBJC_LITERAL_CONVERSION = YES;
				CLANG_WARN_OBJC_ROOT_CLASS = YES_ERROR;
				CLANG_WARN_RANGE_LOOP_ANALYSIS = YES;
				CLANG_WARN_STRICT_PROTOTYPES = YES;
				CLANG_WARN_SUSPICIOUS_MOVE = YES;
				CLANG_WARN_UNGUARDED_AVAILABILITY = YES_AGGRESSIVE;
				CLANG_WARN_UNREACHABLE_CODE = YES;
				CLANG_WARN__DUPLICATE_METHOD_MATCH = YES;
				CODE_SIGN_IDENTITY = "iPhone Developer";
				COPY_PHASE_STRIP = NO;
				DEBUG_INFORMATION_FORMAT = "dwarf-with-dsym";
				ENABLE_NS_ASSERTIONS = NO;
				ENABLE_STRICT_OBJC_MSGSEND = YES;
				GCC_C_LANGUAGE_STANDARD = gnu11;
				GCC_NO_COMMON_BLOCKS = YES;
				GCC_WARN_64_TO_32_BIT_CONVERSION = YES;
				GCC_WARN_ABOUT_RETURN_TYPE = YES_ERROR;
				GCC_WARN_UNDECLARED_SELECTOR = YES;
				GCC_WARN_UNINITIALIZED_AUTOS = YES_AGGRESSIVE;
				GCC_WARN_UNUSED_FUNCTION = YES;
				GCC_WARN_UNUSED_VARIABLE = YES;
				IPHONEOS_DEPLOYMENT_TARGET = 11.4;
				MTL_ENABLE_DEBUG_INFO = NO;
				SDKROOT = iphoneos;
				SWIFT_COMPILATION_MODE = wholemodule;
				SWIFT_OPTIMIZATION_LEVEL = "-O";
				VALIDATE_PRODUCT = YES;
			};
			name = Release;
		};
		603008E820F165A200C5D85D /* Debug */ = {
			isa = XCBuildConfiguration;
			buildSettings = {
				ASSETCATALOG_COMPILER_APPICON_NAME = AppIcon;
				CODE_SIGN_IDENTITY = "iPhone Developer";
				CODE_SIGN_STYLE = Automatic;
				DEVELOPMENT_TEAM = SZRKF3R6ZR;
				INFOPLIST_FILE = Concentration/Info.plist;
				LD_RUNPATH_SEARCH_PATHS = (
					"$(inherited)",
					"@executable_path/Frameworks",
				);
				PRODUCT_BUNDLE_IDENTIFIER = yuli.personal.Concentration;
				PRODUCT_NAME = "$(TARGET_NAME)";
				PROVISIONING_PROFILE_SPECIFIER = "";
				SWIFT_VERSION = 4.0;
				TARGETED_DEVICE_FAMILY = "1,2";
			};
			name = Debug;
		};
		603008E920F165A200C5D85D /* Release */ = {
			isa = XCBuildConfiguration;
			buildSettings = {
				ASSETCATALOG_COMPILER_APPICON_NAME = AppIcon;
				CODE_SIGN_IDENTITY = "iPhone Developer";
				CODE_SIGN_STYLE = Automatic;
				DEVELOPMENT_TEAM = SZRKF3R6ZR;
				INFOPLIST_FILE = Concentration/Info.plist;
				LD_RUNPATH_SEARCH_PATHS = (
					"$(inherited)",
					"@executable_path/Frameworks",
				);
				PRODUCT_BUNDLE_IDENTIFIER = yuli.personal.Concentration;
				PRODUCT_NAME = "$(TARGET_NAME)";
				PROVISIONING_PROFILE_SPECIFIER = "";
				SWIFT_VERSION = 4.0;
				TARGETED_DEVICE_FAMILY = "1,2";
			};
			name = Release;
		};
/* End XCBuildConfiguration section */

/* Begin XCConfigurationList section */
		603008D020F165A100C5D85D /* Build configuration list for PBXProject "Concentration" */ = {
			isa = XCConfigurationList;
			buildConfigurations = (
				603008E520F165A200C5D85D /* Debug */,
				603008E620F165A200C5D85D /* Release */,
			);
			defaultConfigurationIsVisible = 0;
			defaultConfigurationName = Release;
		};
		603008E720F165A200C5D85D /* Build configuration list for PBXNativeTarget "Concentration" */ = {
			isa = XCConfigurationList;
			buildConfigurations = (
				603008E820F165A200C5D85D /* Debug */,
				603008E920F165A200C5D85D /* Release */,
			);
			defaultConfigurationIsVisible = 0;
			defaultConfigurationName = Release;
		};
/* End XCConfigurationList section */
	};
	rootObject = 603008CD20F165A100C5D85D /* Project object */;
}
